
Microsoft Visual Studio Solution File, Format Version 12.00
# Visual Studio 15
VisualStudioVersion = 15.0.27130.2020
MinimumVisualStudioVersion = 10.0.40219.1
Project("{FAE04EC0-301F-11D3-BF4B-00C04F79EFBC}") = "SegundosMinutos", "SegundosMinutos\SegundosMinutos.csproj", "{CD624A48-CC8F-4DBB-94F1-809BC87F14DB}"
EndProject
Global
	GlobalSection(SolutionConfigurationPlatforms) = preSolution
		Debug|Any CPU = Debug|Any CPU
		Release|Any CPU = Release|Any CPU
	EndGlobalSection
	GlobalSection(ProjectConfigurationPlatforms) = postSolution
		{CD624A48-CC8F-4DBB-94F1-809BC87F14DB}.Debug|Any CPU.ActiveCfg = Debug|Any CPU
		{CD624A48-CC8F-4DBB-94F1-809BC87F14DB}.Debug|Any CPU.Build.0 = Debug|Any CPU
		{CD624A48-CC8F-4DBB-94F1-809BC87F14DB}.Release|Any CPU.ActiveCfg = Release|Any CPU
		{CD624A48-CC8F-4DBB-94F1-809BC87F14DB}.Release|Any CPU.Build.0 = Release|Any CPU
	EndGlobalSection
	GlobalSection(SolutionProperties) = preSolution
		HideSolutionNode = FALSE
	EndGlobalSection
	GlobalSection(ExtensibilityGlobals) = postSolution
		SolutionGuid = {34430ADA-900D-48CD-BC81-0B719664FAE8}
	EndGlobalSection
EndGlobal
