
Microsoft Visual Studio Solution File, Format Version 12.00
# Visual Studio 15
VisualStudioVersion = 15.0.27130.2020
MinimumVisualStudioVersion = 10.0.40219.1
Project("{FAE04EC0-301F-11D3-BF4B-00C04F79EFBC}") = "SumaDigitos", "SumaDigitos\SumaDigitos.csproj", "{8E61B3B7-6C76-47DF-9B62-BCD96B652817}"
EndProject
Global
	GlobalSection(SolutionConfigurationPlatforms) = preSolution
		Debug|Any CPU = Debug|Any CPU
		Release|Any CPU = Release|Any CPU
	EndGlobalSection
	GlobalSection(ProjectConfigurationPlatforms) = postSolution
		{8E61B3B7-6C76-47DF-9B62-BCD96B652817}.Debug|Any CPU.ActiveCfg = Debug|Any CPU
		{8E61B3B7-6C76-47DF-9B62-BCD96B652817}.Debug|Any CPU.Build.0 = Debug|Any CPU
		{8E61B3B7-6C76-47DF-9B62-BCD96B652817}.Release|Any CPU.ActiveCfg = Release|Any CPU
		{8E61B3B7-6C76-47DF-9B62-BCD96B652817}.Release|Any CPU.Build.0 = Release|Any CPU
	EndGlobalSection
	GlobalSection(SolutionProperties) = preSolution
		HideSolutionNode = FALSE
	EndGlobalSection
	GlobalSection(ExtensibilityGlobals) = postSolution
		SolutionGuid = {990036E9-6A5F-476B-8F99-EBC757F52D84}
	EndGlobalSection
EndGlobal
