
Microsoft Visual Studio Solution File, Format Version 12.00
# Visual Studio 15
VisualStudioVersion = 15.0.27130.2020
MinimumVisualStudioVersion = 10.0.40219.1
Project("{FAE04EC0-301F-11D3-BF4B-00C04F79EFBC}") = "Polimorf_Agencia_Autos", "Polimorf_Agencia_Autos\Polimorf_Agencia_Autos.csproj", "{9922F6CB-F5A9-4313-954C-E01730BAF769}"
EndProject
Global
	GlobalSection(SolutionConfigurationPlatforms) = preSolution
		Debug|Any CPU = Debug|Any CPU
		Release|Any CPU = Release|Any CPU
	EndGlobalSection
	GlobalSection(ProjectConfigurationPlatforms) = postSolution
		{9922F6CB-F5A9-4313-954C-E01730BAF769}.Debug|Any CPU.ActiveCfg = Debug|Any CPU
		{9922F6CB-F5A9-4313-954C-E01730BAF769}.Debug|Any CPU.Build.0 = Debug|Any CPU
		{9922F6CB-F5A9-4313-954C-E01730BAF769}.Release|Any CPU.ActiveCfg = Release|Any CPU
		{9922F6CB-F5A9-4313-954C-E01730BAF769}.Release|Any CPU.Build.0 = Release|Any CPU
	EndGlobalSection
	GlobalSection(SolutionProperties) = preSolution
		HideSolutionNode = FALSE
	EndGlobalSection
	GlobalSection(ExtensibilityGlobals) = postSolution
		SolutionGuid = {1976F242-9E7B-4F09-8E01-99FB2E23E180}
	EndGlobalSection
EndGlobal
