
Microsoft Visual Studio Solution File, Format Version 12.00
# Visual Studio 15
VisualStudioVersion = 15.0.27130.2020
MinimumVisualStudioVersion = 10.0.40219.1
Project("{FAE04EC0-301F-11D3-BF4B-00C04F79EFBC}") = "Excer2.Area_TrianguloRect", "Excer2.Area_TrianguloRect\Excer2.Area_TrianguloRect.csproj", "{31D57782-1AE4-4684-9D12-8C05D093723B}"
EndProject
Global
	GlobalSection(SolutionConfigurationPlatforms) = preSolution
		Debug|Any CPU = Debug|Any CPU
		Release|Any CPU = Release|Any CPU
	EndGlobalSection
	GlobalSection(ProjectConfigurationPlatforms) = postSolution
		{31D57782-1AE4-4684-9D12-8C05D093723B}.Debug|Any CPU.ActiveCfg = Debug|Any CPU
		{31D57782-1AE4-4684-9D12-8C05D093723B}.Debug|Any CPU.Build.0 = Debug|Any CPU
		{31D57782-1AE4-4684-9D12-8C05D093723B}.Release|Any CPU.ActiveCfg = Release|Any CPU
		{31D57782-1AE4-4684-9D12-8C05D093723B}.Release|Any CPU.Build.0 = Release|Any CPU
	EndGlobalSection
	GlobalSection(SolutionProperties) = preSolution
		HideSolutionNode = FALSE
	EndGlobalSection
	GlobalSection(ExtensibilityGlobals) = postSolution
		SolutionGuid = {18A3B473-ACAC-4DFC-95A2-012997BFA36B}
	EndGlobalSection
EndGlobal
