
Microsoft Visual Studio Solution File, Format Version 12.00
# Visual Studio 15
VisualStudioVersion = 15.0.27130.2020
MinimumVisualStudioVersion = 10.0.40219.1
Project("{FAE04EC0-301F-11D3-BF4B-00C04F79EFBC}") = "Gest_EmpresaAgro", "Gest_EmpresaAgro\Gest_EmpresaAgro.csproj", "{78B1C69B-391F-4C8D-BADB-4593106CA9A7}"
EndProject
Global
	GlobalSection(SolutionConfigurationPlatforms) = preSolution
		Debug|Any CPU = Debug|Any CPU
		Release|Any CPU = Release|Any CPU
	EndGlobalSection
	GlobalSection(ProjectConfigurationPlatforms) = postSolution
		{78B1C69B-391F-4C8D-BADB-4593106CA9A7}.Debug|Any CPU.ActiveCfg = Debug|Any CPU
		{78B1C69B-391F-4C8D-BADB-4593106CA9A7}.Debug|Any CPU.Build.0 = Debug|Any CPU
		{78B1C69B-391F-4C8D-BADB-4593106CA9A7}.Release|Any CPU.ActiveCfg = Release|Any CPU
		{78B1C69B-391F-4C8D-BADB-4593106CA9A7}.Release|Any CPU.Build.0 = Release|Any CPU
	EndGlobalSection
	GlobalSection(SolutionProperties) = preSolution
		HideSolutionNode = FALSE
	EndGlobalSection
	GlobalSection(ExtensibilityGlobals) = postSolution
		SolutionGuid = {C5AE8767-0C0E-40A9-A81C-6DE30CEEB315}
	EndGlobalSection
EndGlobal
