
Microsoft Visual Studio Solution File, Format Version 12.00
# Visual Studio 15
VisualStudioVersion = 15.0.27130.2020
MinimumVisualStudioVersion = 10.0.40219.1
Project("{FAE04EC0-301F-11D3-BF4B-00C04F79EFBC}") = "Unidad1_Practica4.1", "Unidad1_Practica4.1\Unidad1_Practica4.1.csproj", "{B81E0890-14B7-49F5-BC44-FCB7D067C6B8}"
EndProject
Global
	GlobalSection(SolutionConfigurationPlatforms) = preSolution
		Debug|Any CPU = Debug|Any CPU
		Release|Any CPU = Release|Any CPU
	EndGlobalSection
	GlobalSection(ProjectConfigurationPlatforms) = postSolution
		{B81E0890-14B7-49F5-BC44-FCB7D067C6B8}.Debug|Any CPU.ActiveCfg = Debug|Any CPU
		{B81E0890-14B7-49F5-BC44-FCB7D067C6B8}.Debug|Any CPU.Build.0 = Debug|Any CPU
		{B81E0890-14B7-49F5-BC44-FCB7D067C6B8}.Release|Any CPU.ActiveCfg = Release|Any CPU
		{B81E0890-14B7-49F5-BC44-FCB7D067C6B8}.Release|Any CPU.Build.0 = Release|Any CPU
	EndGlobalSection
	GlobalSection(SolutionProperties) = preSolution
		HideSolutionNode = FALSE
	EndGlobalSection
	GlobalSection(ExtensibilityGlobals) = postSolution
		SolutionGuid = {0DC0BF65-DDB2-468E-B988-7D75214F23BB}
	EndGlobalSection
EndGlobal
